// !$*UTF8*$!
{
	archiveVersion = 1;
	classes = {
	};
	objectVersion = 46;
	objects = {

/* Begin PBXBuildFile section */
		4A209B361BA6FD1000C567D3 /* AppDelegate.swift in Sources */ = {isa = PBXBuildFile; fileRef = 4A209B351BA6FD1000C567D3 /* AppDelegate.swift */; };
		4A209B381BA6FD1000C567D3 /* PsychologistViewController.swift in Sources */ = {isa = PBXBuildFile; fileRef = 4A209B371BA6FD1000C567D3 /* PsychologistViewController.swift */; };
		4A209B3B1BA6FD1000C567D3 /* Main.storyboard in Resources */ = {isa = PBXBuildFile; fileRef = 4A209B391BA6FD1000C567D3 /* Main.storyboard */; };
		4A209B3D1BA6FD1000C567D3 /* Images.xcassets in Resources */ = {isa = PBXBuildFile; fileRef = 4A209B3C1BA6FD1000C567D3 /* Images.xcassets */; };
		4A209B401BA6FD1000C567D3 /* LaunchScreen.xib in Resources */ = {isa = PBXBuildFile; fileRef = 4A209B3E1BA6FD1000C567D3 /* LaunchScreen.xib */; };
		4A209B4C1BA6FD1000C567D3 /* PsychologistTests.swift in Sources */ = {isa = PBXBuildFile; fileRef = 4A209B4B1BA6FD1000C567D3 /* PsychologistTests.swift */; };
		4A209B571BA702C200C567D3 /* HappinessViewController.swift in Sources */ = {isa = PBXBuildFile; fileRef = 4A209B551BA702C200C567D3 /* HappinessViewController.swift */; };
		4A209B581BA702C200C567D3 /* FaceView.swift in Sources */ = {isa = PBXBuildFile; fileRef = 4A209B561BA702C200C567D3 /* FaceView.swift */; };
		4A209B5A1BA7167700C567D3 /* TextViewController.swift in Sources */ = {isa = PBXBuildFile; fileRef = 4A209B591BA7167700C567D3 /* TextViewController.swift */; };
		4A209B5C1BA7186E00C567D3 /* DiagnosedHappinessViewController.swift in Sources */ = {isa = PBXBuildFile; fileRef = 4A209B5B1BA7186E00C567D3 /* DiagnosedHappinessViewController.swift */; };
/* End PBXBuildFile section */

/* Begin PBXContainerItemProxy section */
		4A209B461BA6FD1000C567D3 /* PBXContainerItemProxy */ = {
			isa = PBXContainerItemProxy;
			containerPortal = 4A209B281BA6FD1000C567D3 /* Project object */;
			proxyType = 1;
			remoteGlobalIDString = 4A209B2F1BA6FD1000C567D3;
			remoteInfo = Psychologist;
		};
/* End PBXContainerItemProxy section */

/* Begin PBXFileReference section */
		4A209B301BA6FD1000C567D3 /* Psychologist.app */ = {isa = PBXFileReference; explicitFileType = wrapper.application; includeInIndex = 0; path = Psychologist.app; sourceTree = BUILT_PRODUCTS_DIR; };
		4A209B341BA6FD1000C567D3 /* Info.plist */ = {isa = PBXFileReference; lastKnownFileType = text.plist.xml; path = Info.plist; sourceTree = "<group>"; };
		4A209B351BA6FD1000C567D3 /* AppDelegate.swift */ = {isa = PBXFileReference; lastKnownFileType = sourcecode.swift; path = AppDelegate.swift; sourceTree = "<group>"; };
		4A209B371BA6FD1000C567D3 /* PsychologistViewController.swift */ = {isa = PBXFileReference; lastKnownFileType = sourcecode.swift; path = PsychologistViewController.swift; sourceTree = "<group>"; };
		4A209B3A1BA6FD1000C567D3 /* Base */ = {isa = PBXFileReference; lastKnownFileType = file.storyboard; name = Base; path = Base.lproj/Main.storyboard; sourceTree = "<group>"; };
		4A209B3C1BA6FD1000C567D3 /* Images.xcassets */ = {isa = PBXFileReference; lastKnownFileType = folder.assetcatalog; path = Images.xcassets; sourceTree = "<group>"; };
		4A209B3F1BA6FD1000C567D3 /* Base */ = {isa = PBXFileReference; lastKnownFileType = file.xib; name = Base; path = Base.lproj/LaunchScreen.xib; sourceTree = "<group>"; };
		4A209B451BA6FD1000C567D3 /* PsychologistTests.xctest */ = {isa = PBXFileReference; explicitFileType = wrapper.cfbundle; includeInIndex = 0; path = PsychologistTests.xctest; sourceTree = BUILT_PRODUCTS_DIR; };
		4A209B4A1BA6FD1000C567D3 /* Info.plist */ = {isa = PBXFileReference; lastKnownFileType = text.plist.xml; path = Info.plist; sourceTree = "<group>"; };
		4A209B4B1BA6FD1000C567D3 /* PsychologistTests.swift */ = {isa = PBXFileReference; lastKnownFileType = sourcecode.swift; path = PsychologistTests.swift; sourceTree = "<group>"; };
		4A209B551BA702C200C567D3 /* HappinessViewController.swift */ = {isa = PBXFileReference; fileEncoding = 4; lastKnownFileType = sourcecode.swift; path = HappinessViewController.swift; sourceTree = "<group>"; };
		4A209B561BA702C200C567D3 /* FaceView.swift */ = {isa = PBXFileReference; fileEncoding = 4; lastKnownFileType = sourcecode.swift; path = FaceView.swift; sourceTree = "<group>"; };
		4A209B591BA7167700C567D3 /* TextViewController.swift */ = {isa = PBXFileReference; fileEncoding = 4; lastKnownFileType = sourcecode.swift; path = TextViewController.swift; sourceTree = "<group>"; };
		4A209B5B1BA7186E00C567D3 /* DiagnosedHappinessViewController.swift */ = {isa = PBXFileReference; fileEncoding = 4; lastKnownFileType = sourcecode.swift; path = DiagnosedHappinessViewController.swift; sourceTree = "<group>"; };
/* End PBXFileReference section */

/* Begin PBXFrameworksBuildPhase section */
		4A209B2D1BA6FD1000C567D3 /* Frameworks */ = {
			isa = PBXFrameworksBuildPhase;
			buildActionMask = 2147483647;
			files = (
			);
			runOnlyForDeploymentPostprocessing = 0;
		};
		4A209B421BA6FD1000C567D3 /* Frameworks */ = {
			isa = PBXFrameworksBuildPhase;
			buildActionMask = 2147483647;
			files = (
			);
			runOnlyForDeploymentPostprocessing = 0;
		};
/* End PBXFrameworksBuildPhase section */

/* Begin PBXGroup section */
		4A209B271BA6FD1000C567D3 = {
			isa = PBXGroup;
			children = (
				4A209B321BA6FD1000C567D3 /* Psychologist */,
				4A209B481BA6FD1000C567D3 /* PsychologistTests */,
				4A209B311BA6FD1000C567D3 /* Products */,
			);
			sourceTree = "<group>";
		};
		4A209B311BA6FD1000C567D3 /* Products */ = {
			isa = PBXGroup;
			children = (
				4A209B301BA6FD1000C567D3 /* Psychologist.app */,
				4A209B451BA6FD1000C567D3 /* PsychologistTests.xctest */,
			);
			name = Products;
			sourceTree = "<group>";
		};
		4A209B321BA6FD1000C567D3 /* Psychologist */ = {
			isa = PBXGroup;
			children = (
				4A209B551BA702C200C567D3 /* HappinessViewController.swift */,
				4A209B5B1BA7186E00C567D3 /* DiagnosedHappinessViewController.swift */,
				4A209B561BA702C200C567D3 /* FaceView.swift */,
				4A209B351BA6FD1000C567D3 /* AppDelegate.swift */,
				4A209B371BA6FD1000C567D3 /* PsychologistViewController.swift */,
				4A209B391BA6FD1000C567D3 /* Main.storyboard */,
				4A209B591BA7167700C567D3 /* TextViewController.swift */,
				4A209B3C1BA6FD1000C567D3 /* Images.xcassets */,
				4A209B3E1BA6FD1000C567D3 /* LaunchScreen.xib */,
				4A209B331BA6FD1000C567D3 /* Supporting Files */,
			);
			path = Psychologist;
			sourceTree = "<group>";
		};
		4A209B331BA6FD1000C567D3 /* Supporting Files */ = {
			isa = PBXGroup;
			children = (
				4A209B341BA6FD1000C567D3 /* Info.plist */,
			);
			name = "Supporting Files";
			sourceTree = "<group>";
		};
		4A209B481BA6FD1000C567D3 /* PsychologistTests */ = {
			isa = PBXGroup;
			children = (
				4A209B4B1BA6FD1000C567D3 /* PsychologistTests.swift */,
				4A209B491BA6FD1000C567D3 /* Supporting Files */,
			);
			path = PsychologistTests;
			sourceTree = "<group>";
		};
		4A209B491BA6FD1000C567D3 /* Supporting Files */ = {
			isa = PBXGroup;
			children = (
				4A209B4A1BA6FD1000C567D3 /* Info.plist */,
			);
			name = "Supporting Files";
			sourceTree = "<group>";
		};
/* End PBXGroup section */

/* Begin PBXNativeTarget section */
		4A209B2F1BA6FD1000C567D3 /* Psychologist */ = {
			isa = PBXNativeTarget;
			buildConfigurationList = 4A209B4F1BA6FD1000C567D3 /* Build configuration list for PBXNativeTarget "Psychologist" */;
			buildPhases = (
				4A209B2C1BA6FD1000C567D3 /* Sources */,
				4A209B2D1BA6FD1000C567D3 /* Frameworks */,
				4A209B2E1BA6FD1000C567D3 /* Resources */,
			);
			buildRules = (
			);
			dependencies = (
			);
			name = Psychologist;
			productName = Psychologist;
			productReference = 4A209B301BA6FD1000C567D3 /* Psychologist.app */;
			productType = "com.apple.product-type.application";
		};
		4A209B441BA6FD1000C567D3 /* PsychologistTests */ = {
			isa = PBXNativeTarget;
			buildConfigurationList = 4A209B521BA6FD1000C567D3 /* Build configuration list for PBXNativeTarget "PsychologistTests" */;
			buildPhases = (
				4A209B411BA6FD1000C567D3 /* Sources */,
				4A209B421BA6FD1000C567D3 /* Frameworks */,
				4A209B431BA6FD1000C567D3 /* Resources */,
			);
			buildRules = (
			);
			dependencies = (
				4A209B471BA6FD1000C567D3 /* PBXTargetDependency */,
			);
			name = PsychologistTests;
			productName = PsychologistTests;
			productReference = 4A209B451BA6FD1000C567D3 /* PsychologistTests.xctest */;
			productType = "com.apple.product-type.bundle.unit-test";
		};
/* End PBXNativeTarget section */

/* Begin PBXProject section */
		4A209B281BA6FD1000C567D3 /* Project object */ = {
			isa = PBXProject;
			attributes = {
				LastUpgradeCheck = 0640;
				ORGANIZATIONNAME = nevercry;
				TargetAttributes = {
					4A209B2F1BA6FD1000C567D3 = {
						CreatedOnToolsVersion = 6.4;
					};
					4A209B441BA6FD1000C567D3 = {
						CreatedOnToolsVersion = 6.4;
						TestTargetID = 4A209B2F1BA6FD1000C567D3;
					};
				};
			};
			buildConfigurationList = 4A209B2B1BA6FD1000C567D3 /* Build configuration list for PBXProject "Psychologist" */;
			compatibilityVersion = "Xcode 3.2";
			developmentRegion = English;
			hasScannedForEncodings = 0;
			knownRegions = (
				en,
				Base,
			);
			mainGroup = 4A209B271BA6FD1000C567D3;
			productRefGroup = 4A209B311BA6FD1000C567D3 /* Products */;
			projectDirPath = "";
			projectRoot = "";
			targets = (
				4A209B2F1BA6FD1000C567D3 /* Psychologist */,
				4A209B441BA6FD1000C567D3 /* PsychologistTests */,
			);
		};
/* End PBXProject section */

/* Begin PBXResourcesBuildPhase section */
		4A209B2E1BA6FD1000C567D3 /* Resources */ = {
			isa = PBXResourcesBuildPhase;
			buildActionMask = 2147483647;
			files = (
				4A209B3B1BA6FD1000C567D3 /* Main.storyboard in Resources */,
				4A209B401BA6FD1000C567D3 /* LaunchScreen.xib in Resources */,
				4A209B3D1BA6FD1000C567D3 /* Images.xcassets in Resources */,
			);
			runOnlyForDeploymentPostprocessing = 0;
		};
		4A209B431BA6FD1000C567D3 /* Resources */ = {
			isa = PBXResourcesBuildPhase;
			buildActionMask = 2147483647;
			files = (
			);
			runOnlyForDeploymentPostprocessing = 0;
		};
/* End PBXResourcesBuildPhase section */

/* Begin PBXSourcesBuildPhase section */
		4A209B2C1BA6FD1000C567D3 /* Sources */ = {
			isa = PBXSourcesBuildPhase;
			buildActionMask = 2147483647;
			files = (
				4A209B5A1BA7167700C567D3 /* TextViewController.swift in Sources */,
				4A209B381BA6FD1000C567D3 /* PsychologistViewController.swift in Sources */,
				4A209B571BA702C200C567D3 /* HappinessViewController.swift in Sources */,
				4A209B5C1BA7186E00C567D3 /* DiagnosedHappinessViewController.swift in Sources */,
				4A209B361BA6FD1000C567D3 /* AppDelegate.swift in Sources */,
				4A209B581BA702C200C567D3 /* FaceView.swift in Sources */,
			);
			runOnlyForDeploymentPostprocessing = 0;
		};
		4A209B411BA6FD1000C567D3 /* Sources */ = {
			isa = PBXSourcesBuildPhase;
			buildActionMask = 2147483647;
			files = (
				4A209B4C1BA6FD1000C567D3 /* PsychologistTests.swift in Sources */,
			);
			runOnlyForDeploymentPostprocessing = 0;
		};
/* End PBXSourcesBuildPhase section */

/* Begin PBXTargetDependency section */
		4A209B471BA6FD1000C567D3 /* PBXTargetDependency */ = {
			isa = PBXTargetDependency;
			target = 4A209B2F1BA6FD1000C567D3 /* Psychologist */;
			targetProxy = 4A209B461BA6FD1000C567D3 /* PBXContainerItemProxy */;
		};
/* End PBXTargetDependency section */

/* Begin PBXVariantGroup section */
		4A209B391BA6FD1000C567D3 /* Main.storyboard */ = {
			isa = PBXVariantGroup;
			children = (
				4A209B3A1BA6FD1000C567D3 /* Base */,
			);
			name = Main.storyboard;
			sourceTree = "<group>";
		};
		4A209B3E1BA6FD1000C567D3 /* LaunchScreen.xib */ = {
			isa = PBXVariantGroup;
			children = (
				4A209B3F1BA6FD1000C567D3 /* Base */,
			);
			name = LaunchScreen.xib;
			sourceTree = "<group>";
		};
/* End PBXVariantGroup section */

/* Begin XCBuildConfiguration section */
		4A209B4D1BA6FD1000C567D3 /* Debug */ = {
			isa = XCBuildConfiguration;
			buildSettings = {
				ALWAYS_SEARCH_USER_PATHS = NO;
				CLANG_CXX_LANGUAGE_STANDARD = "gnu++0x";
				CLANG_CXX_LIBRARY = "libc++";
				CLANG_ENABLE_MODULES = YES;
				CLANG_ENABLE_OBJC_ARC = YES;
				CLANG_WARN_BOOL_CONVERSION = YES;
				CLANG_WARN_CONSTANT_CONVERSION = YES;
				CLANG_WARN_DIRECT_OBJC_ISA_USAGE = YES_ERROR;
				CLANG_WARN_EMPTY_BODY = YES;
				CLANG_WARN_ENUM_CONVERSION = YES;
				CLANG_WARN_INT_CONVERSION = YES;
				CLANG_WARN_OBJC_ROOT_CLASS = YES_ERROR;
				CLANG_WARN_UNREACHABLE_CODE = YES;
				CLANG_WARN__DUPLICATE_METHOD_MATCH = YES;
				"CODE_SIGN_IDENTITY[sdk=iphoneos*]" = "iPhone Developer";
				COPY_PHASE_STRIP = NO;
				DEBUG_INFORMATION_FORMAT = "dwarf-with-dsym";
				ENABLE_STRICT_OBJC_MSGSEND = YES;
				GCC_C_LANGUAGE_STANDARD = gnu99;
				GCC_DYNAMIC_NO_PIC = NO;
				GCC_NO_COMMON_BLOCKS = YES;
				GCC_OPTIMIZATION_LEVEL = 0;
				GCC_PREPROCESSOR_DEFINITIONS = (
					"DEBUG=1",
					"$(inherited)",
				);
				GCC_SYMBOLS_PRIVATE_EXTERN = NO;
				GCC_WARN_64_TO_32_BIT_CONVERSION = YES;
				GCC_WARN_ABOUT_RETURN_TYPE = YES_ERROR;
				GCC_WARN_UNDECLARED_SELECTOR = YES;
				GCC_WARN_UNINITIALIZED_AUTOS = YES_AGGRESSIVE;
				GCC_WARN_UNUSED_FUNCTION = YES;
				GCC_WARN_UNUSED_VARIABLE = YES;
				IPHONEOS_DEPLOYMENT_TARGET = 8.4;
				MTL_ENABLE_DEBUG_INFO = YES;
				ONLY_ACTIVE_ARCH = YES;
				SDKROOT = iphoneos;
				SWIFT_OPTIMIZATION_LEVEL = "-Onone";
				TARGETED_DEVICE_FAMILY = "1,2";
			};
			name = Debug;
		};
		4A209B4E1BA6FD1000C567D3 /* Release */ = {
			isa = XCBuildConfiguration;
			buildSettings = {
				ALWAYS_SEARCH_USER_PATHS = NO;
				CLANG_CXX_LANGUAGE_STANDARD = "gnu++0x";
				CLANG_CXX_LIBRARY = "libc++";
				CLANG_ENABLE_MODULES = YES;
				CLANG_ENABLE_OBJC_ARC = YES;
				CLANG_WARN_BOOL_CONVERSION = YES;
				CLANG_WARN_CONSTANT_CONVERSION = YES;
				CLANG_WARN_DIRECT_OBJC_ISA_USAGE = YES_ERROR;
				CLANG_WARN_EMPTY_BODY = YES;
				CLANG_WARN_ENUM_CONVERSION = YES;
				CLANG_WARN_INT_CONVERSION = YES;
				CLANG_WARN_OBJC_ROOT_CLASS = YES_ERROR;
				CLANG_WARN_UNREACHABLE_CODE = YES;
				CLANG_WARN__DUPLICATE_METHOD_MATCH = YES;
				"CODE_SIGN_IDENTITY[sdk=iphoneos*]" = "iPhone Developer";
				COPY_PHASE_STRIP = NO;
				DEBUG_INFORMATION_FORMAT = "dwarf-with-dsym";
				ENABLE_NS_ASSERTIONS = NO;
				ENABLE_STRICT_OBJC_MSGSEND = YES;
				GCC_C_LANGUAGE_STANDARD = gnu99;
				GCC_NO_COMMON_BLOCKS = YES;
				GCC_WARN_64_TO_32_BIT_CONVERSION = YES;
				GCC_WARN_ABOUT_RETURN_TYPE = YES_ERROR;
				GCC_WARN_UNDECLARED_SELECTOR = YES;
				GCC_WARN_UNINITIALIZED_AUTOS = YES_AGGRESSIVE;
				GCC_WARN_UNUSED_FUNCTION = YES;
				GCC_WARN_UNUSED_VARIABLE = YES;
				IPHONEOS_DEPLOYMENT_TARGET = 8.4;
				MTL_ENABLE_DEBUG_INFO = NO;
				SDKROOT = iphoneos;
				TARGETED_DEVICE_FAMILY = "1,2";
				VALIDATE_PRODUCT = YES;
			};
			name = Release;
		};
		4A209B501BA6FD1000C567D3 /* Debug */ = {
			isa = XCBuildConfiguration;
			buildSettings = {
				ASSETCATALOG_COMPILER_APPICON_NAME = AppIcon;
				INFOPLIST_FILE = Psychologist/Info.plist;
				LD_RUNPATH_SEARCH_PATHS = "$(inherited) @executable_path/Frameworks";
				PRODUCT_NAME = "$(TARGET_NAME)";
			};
			name = Debug;
		};
		4A209B511BA6FD1000C567D3 /* Release */ = {
			isa = XCBuildConfiguration;
			buildSettings = {
				ASSETCATALOG_COMPILER_APPICON_NAME = AppIcon;
				INFOPLIST_FILE = Psychologist/Info.plist;
				LD_RUNPATH_SEARCH_PATHS = "$(inherited) @executable_path/Frameworks";
				PRODUCT_NAME = "$(TARGET_NAME)";
			};
			name = Release;
		};
		4A209B531BA6FD1000C567D3 /* Debug */ = {
			isa = XCBuildConfiguration;
			buildSettings = {
				BUNDLE_LOADER = "$(TEST_HOST)";
				FRAMEWORK_SEARCH_PATHS = (
					"$(SDKROOT)/Developer/Library/Frameworks",
					"$(inherited)",
				);
				GCC_PREPROCESSOR_DEFINITIONS = (
					"DEBUG=1",
					"$(inherited)",
				);
				INFOPLIST_FILE = PsychologistTests/Info.plist;
				LD_RUNPATH_SEARCH_PATHS = "$(inherited) @executable_path/Frameworks @loader_path/Frameworks";
				PRODUCT_NAME = "$(TARGET_NAME)";
				TEST_HOST = "$(BUILT_PRODUCTS_DIR)/Psychologist.app/Psychologist";
			};
			name = Debug;
		};
		4A209B541BA6FD1000C567D3 /* Release */ = {
			isa = XCBuildConfiguration;
			buildSettings = {
				BUNDLE_LOADER = "$(TEST_HOST)";
				FRAMEWORK_SEARCH_PATHS = (
					"$(SDKROOT)/Developer/Library/Frameworks",
					"$(inherited)",
				);
				INFOPLIST_FILE = PsychologistTests/Info.plist;
				LD_RUNPATH_SEARCH_PATHS = "$(inherited) @executable_path/Frameworks @loader_path/Frameworks";
				PRODUCT_NAME = "$(TARGET_NAME)";
				TEST_HOST = "$(BUILT_PRODUCTS_DIR)/Psychologist.app/Psychologist";
			};
			name = Release;
		};
/* End XCBuildConfiguration section */

/* Begin XCConfigurationList section */
		4A209B2B1BA6FD1000C567D3 /* Build configuration list for PBXProject "Psychologist" */ = {
			isa = XCConfigurationList;
			buildConfigurations = (
				4A209B4D1BA6FD1000C567D3 /* Debug */,
				4A209B4E1BA6FD1000C567D3 /* Release */,
			);
			defaultConfigurationIsVisible = 0;
			defaultConfigurationName = Release;
		};
		4A209B4F1BA6FD1000C567D3 /* Build configuration list for PBXNativeTarget "Psychologist" */ = {
			isa = XCConfigurationList;
			buildConfigurations = (
				4A209B501BA6FD1000C567D3 /* Debug */,
				4A209B511BA6FD1000C567D3 /* Release */,
			);
			defaultConfigurationIsVisible = 0;
		};
		4A209B521BA6FD1000C567D3 /* Build configuration list for PBXNativeTarget "PsychologistTests" */ = {
			isa = XCConfigurationList;
			buildConfigurations = (
				4A209B531BA6FD1000C567D3 /* Debug */,
				4A209B541BA6FD1000C567D3 /* Release */,
			);
			defaultConfigurationIsVisible = 0;
		};
/* End XCConfigurationList section */
	};
	rootObject = 4A209B281BA6FD1000C567D3 /* Project object */;
}
